
Microsoft Visual Studio Solution File, Format Version 12.00
# Visual Studio Version 17
VisualStudioVersion = 17.9.34701.34
MinimumVisualStudioVersion = 10.0.40219.1
Project("{9A19103F-16F7-4668-BE54-9A1E7A4F7556}") = "EstructurasDeControl", "ConsoleApp1\EstructurasDeControl.csproj", "{C59A67B8-4B93-4D34-BEA2-BFB48041F98E}"
EndProject
Project("{2150E333-8FDC-42A3-9474-1A3956D46DE8}") = "Solution Items", "Solution Items", "{3DEE2657-65FB-4D48-BEEF-374DED120C25}"
EndProject
Project("{FAE04EC0-301F-11D3-BF4B-00C04F79EFBC}") = "PracticaFactorial", "ConsoleApp2\PracticaFactorial.csproj", "{85E150E6-9533-4F18-8AF4-C5C42A620AE8}"
EndProject
Project("{FAE04EC0-301F-11D3-BF4B-00C04F79EFBC}") = "StringUtilidades", "StringUtilidades\StringUtilidades.csproj", "{D93382FA-C40F-494F-AD32-FF4FE7BBC22E}"
EndProject
Project("{FAE04EC0-301F-11D3-BF4B-00C04F79EFBC}") = "Ejercicio3Dates", "Ejercicio3Dates\Ejercicio3Dates.csproj", "{469A731A-9AAB-4059-BD31-F1B9A090FF9D}"
EndProject
Global
	GlobalSection(SolutionConfigurationPlatforms) = preSolution
		Debug|Any CPU = Debug|Any CPU
		Release|Any CPU = Release|Any CPU
	EndGlobalSection
	GlobalSection(ProjectConfigurationPlatforms) = postSolution
		{C59A67B8-4B93-4D34-BEA2-BFB48041F98E}.Debug|Any CPU.ActiveCfg = Debug|Any CPU
		{C59A67B8-4B93-4D34-BEA2-BFB48041F98E}.Debug|Any CPU.Build.0 = Debug|Any CPU
		{C59A67B8-4B93-4D34-BEA2-BFB48041F98E}.Release|Any CPU.ActiveCfg = Release|Any CPU
		{C59A67B8-4B93-4D34-BEA2-BFB48041F98E}.Release|Any CPU.Build.0 = Release|Any CPU
		{85E150E6-9533-4F18-8AF4-C5C42A620AE8}.Debug|Any CPU.ActiveCfg = Debug|Any CPU
		{85E150E6-9533-4F18-8AF4-C5C42A620AE8}.Debug|Any CPU.Build.0 = Debug|Any CPU
		{85E150E6-9533-4F18-8AF4-C5C42A620AE8}.Release|Any CPU.ActiveCfg = Release|Any CPU
		{85E150E6-9533-4F18-8AF4-C5C42A620AE8}.Release|Any CPU.Build.0 = Release|Any CPU
		{D93382FA-C40F-494F-AD32-FF4FE7BBC22E}.Debug|Any CPU.ActiveCfg = Debug|Any CPU
		{D93382FA-C40F-494F-AD32-FF4FE7BBC22E}.Debug|Any CPU.Build.0 = Debug|Any CPU
		{D93382FA-C40F-494F-AD32-FF4FE7BBC22E}.Release|Any CPU.ActiveCfg = Release|Any CPU
		{D93382FA-C40F-494F-AD32-FF4FE7BBC22E}.Release|Any CPU.Build.0 = Release|Any CPU
		{469A731A-9AAB-4059-BD31-F1B9A090FF9D}.Debug|Any CPU.ActiveCfg = Debug|Any CPU
		{469A731A-9AAB-4059-BD31-F1B9A090FF9D}.Debug|Any CPU.Build.0 = Debug|Any CPU
		{469A731A-9AAB-4059-BD31-F1B9A090FF9D}.Release|Any CPU.ActiveCfg = Release|Any CPU
		{469A731A-9AAB-4059-BD31-F1B9A090FF9D}.Release|Any CPU.Build.0 = Release|Any CPU
	EndGlobalSection
	GlobalSection(SolutionProperties) = preSolution
		HideSolutionNode = FALSE
	EndGlobalSection
	GlobalSection(ExtensibilityGlobals) = postSolution
		SolutionGuid = {CFDBC746-BE1B-41E3-BFFB-9EC9A6274C39}
	EndGlobalSection
EndGlobal
